// !$*UTF8*$!
{
	archiveVersion = 1;
	classes = {
	};
	objectVersion = 54;
	objects = {

/* Begin PBXBuildFile section */
		6302AE662AF2CB1F0032F9A5 /* models in Resources */ = {isa = PBXBuildFile; fileRef = 6302AE652AF2CB1F0032F9A5 /* models */; };
		6302AE772AF414CC0032F9A5 /* llamaFramework.framework in Frameworks */ = {isa = PBXBuildFile; fileRef = 6302AE762AF414CC0032F9A5 /* llamaFramework.framework */; };
		6302AE782AF414CC0032F9A5 /* llamaFramework.framework in Embed Frameworks */ = {isa = PBXBuildFile; fileRef = 6302AE762AF414CC0032F9A5 /* llamaFramework.framework */; settings = {ATTRIBUTES = (CodeSignOnCopy, RemoveHeadersOnCopy, ); }; };
		636387E62AF5634000157A01 /* AppDelegate.swift in Sources */ = {isa = PBXBuildFile; fileRef = 636387E52AF5634000157A01 /* AppDelegate.swift */; };
		636387E82AF5634000157A01 /* ViewController.swift in Sources */ = {isa = PBXBuildFile; fileRef = 636387E72AF5634000157A01 /* ViewController.swift */; };
		636387EA2AF5634100157A01 /* Assets.xcassets in Resources */ = {isa = PBXBuildFile; fileRef = 636387E92AF5634100157A01 /* Assets.xcassets */; };
		636387ED2AF5634100157A01 /* Main.storyboard in Resources */ = {isa = PBXBuildFile; fileRef = 636387EB2AF5634100157A01 /* Main.storyboard */; };
		636387F32AF5637400157A01 /* llamaMacOS.framework in Frameworks */ = {isa = PBXBuildFile; fileRef = 636387F22AF5637400157A01 /* llamaMacOS.framework */; };
		636387F42AF5637400157A01 /* llamaMacOS.framework in Embed Frameworks */ = {isa = PBXBuildFile; fileRef = 636387F22AF5637400157A01 /* llamaMacOS.framework */; settings = {ATTRIBUTES = (CodeSignOnCopy, RemoveHeadersOnCopy, ); }; };
		636387FB2AF56A9C00157A01 /* models in Resources */ = {isa = PBXBuildFile; fileRef = 6302AE652AF2CB1F0032F9A5 /* models */; };
		63E836B92AF01FCD008EF2E2 /* AppDelegate.swift in Sources */ = {isa = PBXBuildFile; fileRef = 63E836B82AF01FCD008EF2E2 /* AppDelegate.swift */; };
		63E836BB2AF01FCD008EF2E2 /* SceneDelegate.swift in Sources */ = {isa = PBXBuildFile; fileRef = 63E836BA2AF01FCD008EF2E2 /* SceneDelegate.swift */; };
		63E836BD2AF01FCD008EF2E2 /* ViewController.swift in Sources */ = {isa = PBXBuildFile; fileRef = 63E836BC2AF01FCD008EF2E2 /* ViewController.swift */; };
		63E836C02AF01FCD008EF2E2 /* Main.storyboard in Resources */ = {isa = PBXBuildFile; fileRef = 63E836BE2AF01FCD008EF2E2 /* Main.storyboard */; };
		63E836C22AF01FCE008EF2E2 /* Assets.xcassets in Resources */ = {isa = PBXBuildFile; fileRef = 63E836C12AF01FCE008EF2E2 /* Assets.xcassets */; };
		63E836C52AF01FCE008EF2E2 /* LaunchScreen.storyboard in Resources */ = {isa = PBXBuildFile; fileRef = 63E836C32AF01FCE008EF2E2 /* LaunchScreen.storyboard */; };
		63FEC6082AFECCFE00F1DCD6 /* ClickableImageView.swift in Sources */ = {isa = PBXBuildFile; fileRef = 63FEC6072AFECCFE00F1DCD6 /* ClickableImageView.swift */; };
		63FEF3142AFC1102000FBA4B /* Util.cpp in Sources */ = {isa = PBXBuildFile; fileRef = 63FEF30C2AFC1102000FBA4B /* Util.cpp */; };
		63FEF3152AFC1102000FBA4B /* Util.cpp in Sources */ = {isa = PBXBuildFile; fileRef = 63FEF30C2AFC1102000FBA4B /* Util.cpp */; };
		63FEF3162AFC1102000FBA4B /* LlamaCpp.mm in Sources */ = {isa = PBXBuildFile; fileRef = 63FEF30E2AFC1102000FBA4B /* LlamaCpp.mm */; };
		63FEF3172AFC1102000FBA4B /* LlamaCpp.mm in Sources */ = {isa = PBXBuildFile; fileRef = 63FEF30E2AFC1102000FBA4B /* LlamaCpp.mm */; };
		63FEF3182AFC1102000FBA4B /* ggml-metal.metal in Sources */ = {isa = PBXBuildFile; fileRef = 63FEF30F2AFC1102000FBA4B /* ggml-metal.metal */; };
		63FEF3192AFC1102000FBA4B /* ggml-metal.metal in Sources */ = {isa = PBXBuildFile; fileRef = 63FEF30F2AFC1102000FBA4B /* ggml-metal.metal */; };
		63FEF31A2AFC1102000FBA4B /* llama_main.cpp in Sources */ = {isa = PBXBuildFile; fileRef = 63FEF3102AFC1102000FBA4B /* llama_main.cpp */; };
		63FEF31B2AFC1102000FBA4B /* llama_main.cpp in Sources */ = {isa = PBXBuildFile; fileRef = 63FEF3102AFC1102000FBA4B /* llama_main.cpp */; };
		63FEF31C2AFC1102000FBA4B /* Helper.swift in Sources */ = {isa = PBXBuildFile; fileRef = 63FEF3132AFC1102000FBA4B /* Helper.swift */; };
		63FEF31D2AFC1102000FBA4B /* Helper.swift in Sources */ = {isa = PBXBuildFile; fileRef = 63FEF3132AFC1102000FBA4B /* Helper.swift */; };
		63FEF31F2AFC1EE7000FBA4B /* FilePicker.swift in Sources */ = {isa = PBXBuildFile; fileRef = 63FEF31E2AFC1EE7000FBA4B /* FilePicker.swift */; };
/* End PBXBuildFile section */

/* Begin PBXCopyFilesBuildPhase section */
		6302AE792AF414CD0032F9A5 /* Embed Frameworks */ = {
			isa = PBXCopyFilesBuildPhase;
			buildActionMask = 2147483647;
			dstPath = "";
			dstSubfolderSpec = 10;
			files = (
				6302AE782AF414CC0032F9A5 /* llamaFramework.framework in Embed Frameworks */,
			);
			name = "Embed Frameworks";
			runOnlyForDeploymentPostprocessing = 0;
		};
		636387F52AF5637400157A01 /* Embed Frameworks */ = {
			isa = PBXCopyFilesBuildPhase;
			buildActionMask = 2147483647;
			dstPath = "";
			dstSubfolderSpec = 10;
			files = (
				636387F42AF5637400157A01 /* llamaMacOS.framework in Embed Frameworks */,
			);
			name = "Embed Frameworks";
			runOnlyForDeploymentPostprocessing = 0;
		};
/* End PBXCopyFilesBuildPhase section */

/* Begin PBXFileReference section */
		6302AE652AF2CB1F0032F9A5 /* models */ = {isa = PBXFileReference; lastKnownFileType = folder; path = models; sourceTree = "<group>"; };
		6302AE762AF414CC0032F9A5 /* llamaFramework.framework */ = {isa = PBXFileReference; lastKnownFileType = wrapper.framework; name = llamaFramework.framework; path = ../llamaFramework.framework; sourceTree = "<group>"; };
		636387E32AF5634000157A01 /* llamaMacExample.app */ = {isa = PBXFileReference; explicitFileType = wrapper.application; includeInIndex = 0; path = llamaMacExample.app; sourceTree = BUILT_PRODUCTS_DIR; };
		636387E52AF5634000157A01 /* AppDelegate.swift */ = {isa = PBXFileReference; lastKnownFileType = sourcecode.swift; path = AppDelegate.swift; sourceTree = "<group>"; };
		636387E72AF5634000157A01 /* ViewController.swift */ = {isa = PBXFileReference; lastKnownFileType = sourcecode.swift; path = ViewController.swift; sourceTree = "<group>"; };
		636387E92AF5634100157A01 /* Assets.xcassets */ = {isa = PBXFileReference; lastKnownFileType = folder.assetcatalog; path = Assets.xcassets; sourceTree = "<group>"; };
		636387EC2AF5634100157A01 /* Base */ = {isa = PBXFileReference; lastKnownFileType = file.storyboard; name = Base; path = Base.lproj/Main.storyboard; sourceTree = "<group>"; };
		636387EE2AF5634100157A01 /* llamaMacExample.entitlements */ = {isa = PBXFileReference; lastKnownFileType = text.plist.entitlements; path = llamaMacExample.entitlements; sourceTree = "<group>"; };
		636387F22AF5637400157A01 /* llamaMacOS.framework */ = {isa = PBXFileReference; lastKnownFileType = wrapper.framework; name = llamaMacOS.framework; path = ../llamaMacOS.framework; sourceTree = "<group>"; };
		63E836B52AF01FCD008EF2E2 /* llamaIOSExample.app */ = {isa = PBXFileReference; explicitFileType = wrapper.application; includeInIndex = 0; path = llamaIOSExample.app; sourceTree = BUILT_PRODUCTS_DIR; };
		63E836B82AF01FCD008EF2E2 /* AppDelegate.swift */ = {isa = PBXFileReference; lastKnownFileType = sourcecode.swift; path = AppDelegate.swift; sourceTree = "<group>"; };
		63E836BA2AF01FCD008EF2E2 /* SceneDelegate.swift */ = {isa = PBXFileReference; lastKnownFileType = sourcecode.swift; path = SceneDelegate.swift; sourceTree = "<group>"; };
		63E836BC2AF01FCD008EF2E2 /* ViewController.swift */ = {isa = PBXFileReference; lastKnownFileType = sourcecode.swift; path = ViewController.swift; sourceTree = "<group>"; };
		63E836BF2AF01FCD008EF2E2 /* Base */ = {isa = PBXFileReference; lastKnownFileType = file.storyboard; name = Base; path = Base.lproj/Main.storyboard; sourceTree = "<group>"; };
		63E836C12AF01FCE008EF2E2 /* Assets.xcassets */ = {isa = PBXFileReference; lastKnownFileType = folder.assetcatalog; path = Assets.xcassets; sourceTree = "<group>"; };
		63E836C42AF01FCE008EF2E2 /* Base */ = {isa = PBXFileReference; lastKnownFileType = file.storyboard; name = Base; path = Base.lproj/LaunchScreen.storyboard; sourceTree = "<group>"; };
		63E836C62AF01FCE008EF2E2 /* Info.plist */ = {isa = PBXFileReference; lastKnownFileType = text.plist.xml; path = Info.plist; sourceTree = "<group>"; };
		63E836D12AF05A62008EF2E2 /* LlamaIOSExample.entitlements */ = {isa = PBXFileReference; lastKnownFileType = text.plist.entitlements; path = LlamaIOSExample.entitlements; sourceTree = "<group>"; };
		63FEC6072AFECCFE00F1DCD6 /* ClickableImageView.swift */ = {isa = PBXFileReference; lastKnownFileType = sourcecode.swift; path = ClickableImageView.swift; sourceTree = "<group>"; };
		63FEF30C2AFC1102000FBA4B /* Util.cpp */ = {isa = PBXFileReference; fileEncoding = 4; lastKnownFileType = sourcecode.cpp.cpp; path = Util.cpp; sourceTree = "<group>"; };
		63FEF30D2AFC1102000FBA4B /* Llama-Example-Bridging-Header.h */ = {isa = PBXFileReference; fileEncoding = 4; lastKnownFileType = sourcecode.c.h; path = "Llama-Example-Bridging-Header.h"; sourceTree = "<group>"; };
		63FEF30E2AFC1102000FBA4B /* LlamaCpp.mm */ = {isa = PBXFileReference; fileEncoding = 4; lastKnownFileType = sourcecode.cpp.objcpp; path = LlamaCpp.mm; sourceTree = "<group>"; };
		63FEF30F2AFC1102000FBA4B /* ggml-metal.metal */ = {isa = PBXFileReference; fileEncoding = 4; lastKnownFileType = sourcecode.metal; path = "ggml-metal.metal"; sourceTree = "<group>"; };
		63FEF3102AFC1102000FBA4B /* llama_main.cpp */ = {isa = PBXFileReference; fileEncoding = 4; lastKnownFileType = sourcecode.cpp.cpp; path = llama_main.cpp; sourceTree = "<group>"; };
		63FEF3112AFC1102000FBA4B /* Util.h */ = {isa = PBXFileReference; fileEncoding = 4; lastKnownFileType = sourcecode.c.h; path = Util.h; sourceTree = "<group>"; };
		63FEF3122AFC1102000FBA4B /* LlamaCpp.h */ = {isa = PBXFileReference; fileEncoding = 4; lastKnownFileType = sourcecode.c.h; path = LlamaCpp.h; sourceTree = "<group>"; };
		63FEF3132AFC1102000FBA4B /* Helper.swift */ = {isa = PBXFileReference; fileEncoding = 4; lastKnownFileType = sourcecode.swift; path = Helper.swift; sourceTree = "<group>"; };
		63FEF31E2AFC1EE7000FBA4B /* FilePicker.swift */ = {isa = PBXFileReference; lastKnownFileType = sourcecode.swift; path = FilePicker.swift; sourceTree = "<group>"; };
/* End PBXFileReference section */

/* Begin PBXFrameworksBuildPhase section */
		636387E02AF5634000157A01 /* Frameworks */ = {
			isa = PBXFrameworksBuildPhase;
			buildActionMask = 2147483647;
			files = (
				636387F32AF5637400157A01 /* llamaMacOS.framework in Frameworks */,
			);
			runOnlyForDeploymentPostprocessing = 0;
		};
		63E836B22AF01FCD008EF2E2 /* Frameworks */ = {
			isa = PBXFrameworksBuildPhase;
			buildActionMask = 2147483647;
			files = (
				6302AE772AF414CC0032F9A5 /* llamaFramework.framework in Frameworks */,
			);
			runOnlyForDeploymentPostprocessing = 0;
		};
/* End PBXFrameworksBuildPhase section */

/* Begin PBXGroup section */
		636387E42AF5634000157A01 /* llamaMacExample */ = {
			isa = PBXGroup;
			children = (
				636387E52AF5634000157A01 /* AppDelegate.swift */,
				636387E72AF5634000157A01 /* ViewController.swift */,
				636387E92AF5634100157A01 /* Assets.xcassets */,
				636387EB2AF5634100157A01 /* Main.storyboard */,
				636387EE2AF5634100157A01 /* llamaMacExample.entitlements */,
				63FEF31E2AFC1EE7000FBA4B /* FilePicker.swift */,
				63FEC6072AFECCFE00F1DCD6 /* ClickableImageView.swift */,
			);
			path = llamaMacExample;
			sourceTree = "<group>";
		};
		63E836AC2AF01FCD008EF2E2 = {
			isa = PBXGroup;
			children = (
				63FEF30B2AFC1102000FBA4B /* LlamaInterface */,
				6302AE652AF2CB1F0032F9A5 /* models */,
				63E836B72AF01FCD008EF2E2 /* llamaIOSExample */,
				636387E42AF5634000157A01 /* llamaMacExample */,
				63E836B62AF01FCD008EF2E2 /* Products */,
				63E836CC2AF02666008EF2E2 /* Frameworks */,
			);
			sourceTree = "<group>";
		};
		63E836B62AF01FCD008EF2E2 /* Products */ = {
			isa = PBXGroup;
			children = (
				63E836B52AF01FCD008EF2E2 /* llamaIOSExample.app */,
				636387E32AF5634000157A01 /* llamaMacExample.app */,
			);
			name = Products;
			sourceTree = "<group>";
		};
		63E836B72AF01FCD008EF2E2 /* llamaIOSExample */ = {
			isa = PBXGroup;
			children = (
				63E836D12AF05A62008EF2E2 /* LlamaIOSExample.entitlements */,
				63E836B82AF01FCD008EF2E2 /* AppDelegate.swift */,
				63E836BA2AF01FCD008EF2E2 /* SceneDelegate.swift */,
				63E836BC2AF01FCD008EF2E2 /* ViewController.swift */,
				63E836BE2AF01FCD008EF2E2 /* Main.storyboard */,
				63E836C12AF01FCE008EF2E2 /* Assets.xcassets */,
				63E836C32AF01FCE008EF2E2 /* LaunchScreen.storyboard */,
				63E836C62AF01FCE008EF2E2 /* Info.plist */,
			);
			path = llamaIOSExample;
			sourceTree = "<group>";
		};
		63E836CC2AF02666008EF2E2 /* Frameworks */ = {
			isa = PBXGroup;
			children = (
				636387F22AF5637400157A01 /* llamaMacOS.framework */,
				6302AE762AF414CC0032F9A5 /* llamaFramework.framework */,
			);
			name = Frameworks;
			sourceTree = "<group>";
		};
		63FEF30B2AFC1102000FBA4B /* LlamaInterface */ = {
			isa = PBXGroup;
			children = (
				63FEF30C2AFC1102000FBA4B /* Util.cpp */,
				63FEF30D2AFC1102000FBA4B /* Llama-Example-Bridging-Header.h */,
				63FEF30E2AFC1102000FBA4B /* LlamaCpp.mm */,
				63FEF30F2AFC1102000FBA4B /* ggml-metal.metal */,
				63FEF3102AFC1102000FBA4B /* llama_main.cpp */,
				63FEF3112AFC1102000FBA4B /* Util.h */,
				63FEF3122AFC1102000FBA4B /* LlamaCpp.h */,
				63FEF3132AFC1102000FBA4B /* Helper.swift */,
			);
			path = LlamaInterface;
			sourceTree = "<group>";
		};
/* End PBXGroup section */

/* Begin PBXNativeTarget section */
		636387E22AF5634000157A01 /* llamaMacExample */ = {
			isa = PBXNativeTarget;
			buildConfigurationList = 636387F12AF5634100157A01 /* Build configuration list for PBXNativeTarget "llamaMacExample" */;
			buildPhases = (
				636387DF2AF5634000157A01 /* Sources */,
				636387E02AF5634000157A01 /* Frameworks */,
				636387E12AF5634000157A01 /* Resources */,
				636387F52AF5637400157A01 /* Embed Frameworks */,
			);
			buildRules = (
			);
			dependencies = (
			);
			name = llamaMacExample;
			productName = llamaMacExample;
			productReference = 636387E32AF5634000157A01 /* llamaMacExample.app */;
			productType = "com.apple.product-type.application";
		};
		63E836B42AF01FCD008EF2E2 /* llamaIOSExample */ = {
			isa = PBXNativeTarget;
			buildConfigurationList = 63E836C92AF01FCE008EF2E2 /* Build configuration list for PBXNativeTarget "llamaIOSExample" */;
			buildPhases = (
				63E836B12AF01FCD008EF2E2 /* Sources */,
				63E836B22AF01FCD008EF2E2 /* Frameworks */,
				63E836B32AF01FCD008EF2E2 /* Resources */,
				6302AE792AF414CD0032F9A5 /* Embed Frameworks */,
			);
			buildRules = (
			);
			dependencies = (
			);
			name = llamaIOSExample;
			packageProductDependencies = (
			);
			productName = "iOS Llama Example";
			productReference = 63E836B52AF01FCD008EF2E2 /* llamaIOSExample.app */;
			productType = "com.apple.product-type.application";
		};
/* End PBXNativeTarget section */

/* Begin PBXProject section */
		63E836AD2AF01FCD008EF2E2 /* Project object */ = {
			isa = PBXProject;
			attributes = {
				BuildIndependentTargetsInParallel = 1;
				LastSwiftUpdateCheck = 1500;
				LastUpgradeCheck = 1500;
				TargetAttributes = {
					636387E22AF5634000157A01 = {
						CreatedOnToolsVersion = 15.0.1;
					};
					63E836B42AF01FCD008EF2E2 = {
						CreatedOnToolsVersion = 15.0.1;
						LastSwiftMigration = 1500;
					};
				};
			};
			buildConfigurationList = 63E836B02AF01FCD008EF2E2 /* Build configuration list for PBXProject "LlamaExampleApp" */;
			compatibilityVersion = "Xcode 12.0";
			developmentRegion = en;
			hasScannedForEncodings = 0;
			knownRegions = (
				en,
				Base,
			);
			mainGroup = 63E836AC2AF01FCD008EF2E2;
			packageReferences = (
			);
			productRefGroup = 63E836B62AF01FCD008EF2E2 /* Products */;
			projectDirPath = "";
			projectRoot = "";
			targets = (
				63E836B42AF01FCD008EF2E2 /* llamaIOSExample */,
				636387E22AF5634000157A01 /* llamaMacExample */,
			);
		};
/* End PBXProject section */

/* Begin PBXResourcesBuildPhase section */
		636387E12AF5634000157A01 /* Resources */ = {
			isa = PBXResourcesBuildPhase;
			buildActionMask = 2147483647;
			files = (
				636387FB2AF56A9C00157A01 /* models in Resources */,
				636387EA2AF5634100157A01 /* Assets.xcassets in Resources */,
				636387ED2AF5634100157A01 /* Main.storyboard in Resources */,
			);
			runOnlyForDeploymentPostprocessing = 0;
		};
		63E836B32AF01FCD008EF2E2 /* Resources */ = {
			isa = PBXResourcesBuildPhase;
			buildActionMask = 2147483647;
			files = (
				63E836C52AF01FCE008EF2E2 /* LaunchScreen.storyboard in Resources */,
				63E836C22AF01FCE008EF2E2 /* Assets.xcassets in Resources */,
				6302AE662AF2CB1F0032F9A5 /* models in Resources */,
				63E836C02AF01FCD008EF2E2 /* Main.storyboard in Resources */,
			);
			runOnlyForDeploymentPostprocessing = 0;
		};
/* End PBXResourcesBuildPhase section */

/* Begin PBXSourcesBuildPhase section */
		636387DF2AF5634000157A01 /* Sources */ = {
			isa = PBXSourcesBuildPhase;
			buildActionMask = 2147483647;
			files = (
				63FEF31B2AFC1102000FBA4B /* llama_main.cpp in Sources */,
				63FEF31F2AFC1EE7000FBA4B /* FilePicker.swift in Sources */,
				63FEF31D2AFC1102000FBA4B /* Helper.swift in Sources */,
				63FEF3152AFC1102000FBA4B /* Util.cpp in Sources */,
				63FEC6082AFECCFE00F1DCD6 /* ClickableImageView.swift in Sources */,
				63FEF3172AFC1102000FBA4B /* LlamaCpp.mm in Sources */,
				636387E82AF5634000157A01 /* ViewController.swift in Sources */,
				63FEF3192AFC1102000FBA4B /* ggml-metal.metal in Sources */,
				636387E62AF5634000157A01 /* AppDelegate.swift in Sources */,
			);
			runOnlyForDeploymentPostprocessing = 0;
		};
		63E836B12AF01FCD008EF2E2 /* Sources */ = {
			isa = PBXSourcesBuildPhase;
			buildActionMask = 2147483647;
			files = (
				63FEF31A2AFC1102000FBA4B /* llama_main.cpp in Sources */,
				63FEF3182AFC1102000FBA4B /* ggml-metal.metal in Sources */,
				63FEF3162AFC1102000FBA4B /* LlamaCpp.mm in Sources */,
				63E836BD2AF01FCD008EF2E2 /* ViewController.swift in Sources */,
				63E836B92AF01FCD008EF2E2 /* AppDelegate.swift in Sources */,
				63E836BB2AF01FCD008EF2E2 /* SceneDelegate.swift in Sources */,
				63FEF3142AFC1102000FBA4B /* Util.cpp in Sources */,
				63FEF31C2AFC1102000FBA4B /* Helper.swift in Sources */,
			);
			runOnlyForDeploymentPostprocessing = 0;
		};
/* End PBXSourcesBuildPhase section */

/* Begin PBXVariantGroup section */
		636387EB2AF5634100157A01 /* Main.storyboard */ = {
			isa = PBXVariantGroup;
			children = (
				636387EC2AF5634100157A01 /* Base */,
			);
			name = Main.storyboard;
			sourceTree = "<group>";
		};
		63E836BE2AF01FCD008EF2E2 /* Main.storyboard */ = {
			isa = PBXVariantGroup;
			children = (
				63E836BF2AF01FCD008EF2E2 /* Base */,
			);
			name = Main.storyboard;
			sourceTree = "<group>";
		};
		63E836C32AF01FCE008EF2E2 /* LaunchScreen.storyboard */ = {
			isa = PBXVariantGroup;
			children = (
				63E836C42AF01FCE008EF2E2 /* Base */,
			);
			name = LaunchScreen.storyboard;
			sourceTree = "<group>";
		};
/* End PBXVariantGroup section */

/* Begin XCBuildConfiguration section */
		636387EF2AF5634100157A01 /* Debug */ = {
			isa = XCBuildConfiguration;
			buildSettings = {
				ASSETCATALOG_COMPILER_APPICON_NAME = AppIcon;
				ASSETCATALOG_COMPILER_GLOBAL_ACCENT_COLOR_NAME = AccentColor;
				CODE_SIGN_ENTITLEMENTS = llamaMacExample/llamaMacExample.entitlements;
				CODE_SIGN_STYLE = Automatic;
				COMBINE_HIDPI_IMAGES = YES;
				CURRENT_PROJECT_VERSION = 1;
				DEVELOPMENT_TEAM = F5A9R6LVGQ;
				ENABLE_HARDENED_RUNTIME = YES;
				FRAMEWORK_SEARCH_PATHS = ../;
				GENERATE_INFOPLIST_FILE = YES;
				HEADER_SEARCH_PATHS = "../llama.cppSrc/**";
				INFOPLIST_KEY_NSHumanReadableCopyright = "";
				INFOPLIST_KEY_NSMainStoryboardFile = Main;
				INFOPLIST_KEY_NSPrincipalClass = NSApplication;
				LD_RUNPATH_SEARCH_PATHS = (
					"$(inherited)",
					"@executable_path/../Frameworks",
				);
				MACOSX_DEPLOYMENT_TARGET = 11.1;
				MARKETING_VERSION = 1.0;
				PRODUCT_BUNDLE_IDENTIFIER = com.creataai.llamaMacExample;
				PRODUCT_NAME = "$(TARGET_NAME)";
				SDKROOT = macosx;
				SWIFT_EMIT_LOC_STRINGS = YES;
				SWIFT_OBJC_BRIDGING_HEADER = "LlamaInterface/Llama-Example-Bridging-Header.h";
				SWIFT_VERSION = 5.0;
			};
			name = Debug;
		};
		636387F02AF5634100157A01 /* Release */ = {
			isa = XCBuildConfiguration;
			buildSettings = {
				ASSETCATALOG_COMPILER_APPICON_NAME = AppIcon;
				ASSETCATALOG_COMPILER_GLOBAL_ACCENT_COLOR_NAME = AccentColor;
				CODE_SIGN_ENTITLEMENTS = llamaMacExample/llamaMacExample.entitlements;
				CODE_SIGN_STYLE = Automatic;
				COMBINE_HIDPI_IMAGES = YES;
				CURRENT_PROJECT_VERSION = 1;
				DEVELOPMENT_TEAM = F5A9R6LVGQ;
				ENABLE_HARDENED_RUNTIME = YES;
				FRAMEWORK_SEARCH_PATHS = ../;
				GENERATE_INFOPLIST_FILE = YES;
				HEADER_SEARCH_PATHS = "../llama.cppSrc/**";
				INFOPLIST_KEY_NSHumanReadableCopyright = "";
				INFOPLIST_KEY_NSMainStoryboardFile = Main;
				INFOPLIST_KEY_NSPrincipalClass = NSApplication;
				LD_RUNPATH_SEARCH_PATHS = (
					"$(inherited)",
					"@executable_path/../Frameworks",
				);
				MACOSX_DEPLOYMENT_TARGET = 11.1;
				MARKETING_VERSION = 1.0;
				PRODUCT_BUNDLE_IDENTIFIER = com.creataai.llamaMacExample;
				PRODUCT_NAME = "$(TARGET_NAME)";
				SDKROOT = macosx;
				SWIFT_EMIT_LOC_STRINGS = YES;
				SWIFT_OBJC_BRIDGING_HEADER = "LlamaInterface/Llama-Example-Bridging-Header.h";
				SWIFT_VERSION = 5.0;
			};
			name = Release;
		};
		63E836C72AF01FCE008EF2E2 /* Debug */ = {
			isa = XCBuildConfiguration;
			buildSettings = {
				ALWAYS_SEARCH_USER_PATHS = NO;
				ASSETCATALOG_COMPILER_GENERATE_SWIFT_ASSET_SYMBOL_EXTENSIONS = YES;
				CLANG_ANALYZER_NONNULL = YES;
				CLANG_ANALYZER_NUMBER_OBJECT_CONVERSION = YES_AGGRESSIVE;
				CLANG_CXX_LANGUAGE_STANDARD = "gnu++20";
				CLANG_ENABLE_MODULES = YES;
				CLANG_ENABLE_OBJC_ARC = YES;
				CLANG_ENABLE_OBJC_WEAK = YES;
				CLANG_WARN_BLOCK_CAPTURE_AUTORELEASING = YES;
				CLANG_WARN_BOOL_CONVERSION = YES;
				CLANG_WARN_COMMA = YES;
				CLANG_WARN_CONSTANT_CONVERSION = YES;
				CLANG_WARN_DEPRECATED_OBJC_IMPLEMENTATIONS = YES;
				CLANG_WARN_DIRECT_OBJC_ISA_USAGE = YES_ERROR;
				CLANG_WARN_DOCUMENTATION_COMMENTS = YES;
				CLANG_WARN_EMPTY_BODY = YES;
				CLANG_WARN_ENUM_CONVERSION = YES;
				CLANG_WARN_INFINITE_RECURSION = YES;
				CLANG_WARN_INT_CONVERSION = YES;
				CLANG_WARN_NON_LITERAL_NULL_CONVERSION = YES;
				CLANG_WARN_OBJC_IMPLICIT_RETAIN_SELF = YES;
				CLANG_WARN_OBJC_LITERAL_CONVERSION = YES;
				CLANG_WARN_OBJC_ROOT_CLASS = YES_ERROR;
				CLANG_WARN_QUOTED_INCLUDE_IN_FRAMEWORK_HEADER = YES;
				CLANG_WARN_RANGE_LOOP_ANALYSIS = YES;
				CLANG_WARN_STRICT_PROTOTYPES = YES;
				CLANG_WARN_SUSPICIOUS_MOVE = YES;
				CLANG_WARN_UNGUARDED_AVAILABILITY = YES_AGGRESSIVE;
				CLANG_WARN_UNREACHABLE_CODE = YES;
				CLANG_WARN__DUPLICATE_METHOD_MATCH = YES;
				COPY_PHASE_STRIP = NO;
				DEBUG_INFORMATION_FORMAT = dwarf;
				ENABLE_STRICT_OBJC_MSGSEND = YES;
				ENABLE_TESTABILITY = YES;
				ENABLE_USER_SCRIPT_SANDBOXING = YES;
				GCC_C_LANGUAGE_STANDARD = gnu17;
				GCC_DYNAMIC_NO_PIC = NO;
				GCC_NO_COMMON_BLOCKS = YES;
				GCC_OPTIMIZATION_LEVEL = 0;
				GCC_PREPROCESSOR_DEFINITIONS = (
					"DEBUG=1",
					"$(inherited)",
				);
				GCC_WARN_64_TO_32_BIT_CONVERSION = YES;
				GCC_WARN_ABOUT_RETURN_TYPE = YES_ERROR;
				GCC_WARN_UNDECLARED_SELECTOR = YES;
				GCC_WARN_UNINITIALIZED_AUTOS = YES_AGGRESSIVE;
				GCC_WARN_UNUSED_FUNCTION = YES;
				GCC_WARN_UNUSED_VARIABLE = YES;
				IPHONEOS_DEPLOYMENT_TARGET = 17.0;
				LOCALIZATION_PREFERS_STRING_CATALOGS = YES;
				MTL_ENABLE_DEBUG_INFO = INCLUDE_SOURCE;
				MTL_FAST_MATH = YES;
				ONLY_ACTIVE_ARCH = YES;
				SDKROOT = iphoneos;
				SWIFT_ACTIVE_COMPILATION_CONDITIONS = "DEBUG $(inherited)";
				SWIFT_OPTIMIZATION_LEVEL = "-Onone";
			};
			name = Debug;
		};
		63E836C82AF01FCE008EF2E2 /* Release */ = {
			isa = XCBuildConfiguration;
			buildSettings = {
				ALWAYS_SEARCH_USER_PATHS = NO;
				ASSETCATALOG_COMPILER_GENERATE_SWIFT_ASSET_SYMBOL_EXTENSIONS = YES;
				CLANG_ANALYZER_NONNULL = YES;
				CLANG_ANALYZER_NUMBER_OBJECT_CONVERSION = YES_AGGRESSIVE;
				CLANG_CXX_LANGUAGE_STANDARD = "gnu++20";
				CLANG_ENABLE_MODULES = YES;
				CLANG_ENABLE_OBJC_ARC = YES;
				CLANG_ENABLE_OBJC_WEAK = YES;
				CLANG_WARN_BLOCK_CAPTURE_AUTORELEASING = YES;
				CLANG_WARN_BOOL_CONVERSION = YES;
				CLANG_WARN_COMMA = YES;
				CLANG_WARN_CONSTANT_CONVERSION = YES;
				CLANG_WARN_DEPRECATED_OBJC_IMPLEMENTATIONS = YES;
				CLANG_WARN_DIRECT_OBJC_ISA_USAGE = YES_ERROR;
				CLANG_WARN_DOCUMENTATION_COMMENTS = YES;
				CLANG_WARN_EMPTY_BODY = YES;
				CLANG_WARN_ENUM_CONVERSION = YES;
				CLANG_WARN_INFINITE_RECURSION = YES;
				CLANG_WARN_INT_CONVERSION = YES;
				CLANG_WARN_NON_LITERAL_NULL_CONVERSION = YES;
				CLANG_WARN_OBJC_IMPLICIT_RETAIN_SELF = YES;
				CLANG_WARN_OBJC_LITERAL_CONVERSION = YES;
				CLANG_WARN_OBJC_ROOT_CLASS = YES_ERROR;
				CLANG_WARN_QUOTED_INCLUDE_IN_FRAMEWORK_HEADER = YES;
				CLANG_WARN_RANGE_LOOP_ANALYSIS = YES;
				CLANG_WARN_STRICT_PROTOTYPES = YES;
				CLANG_WARN_SUSPICIOUS_MOVE = YES;
				CLANG_WARN_UNGUARDED_AVAILABILITY = YES_AGGRESSIVE;
				CLANG_WARN_UNREACHABLE_CODE = YES;
				CLANG_WARN__DUPLICATE_METHOD_MATCH = YES;
				COPY_PHASE_STRIP = NO;
				DEBUG_INFORMATION_FORMAT = "dwarf-with-dsym";
				ENABLE_NS_ASSERTIONS = NO;
				ENABLE_STRICT_OBJC_MSGSEND = YES;
				ENABLE_USER_SCRIPT_SANDBOXING = YES;
				GCC_C_LANGUAGE_STANDARD = gnu17;
				GCC_NO_COMMON_BLOCKS = YES;
				GCC_WARN_64_TO_32_BIT_CONVERSION = YES;
				GCC_WARN_ABOUT_RETURN_TYPE = YES_ERROR;
				GCC_WARN_UNDECLARED_SELECTOR = YES;
				GCC_WARN_UNINITIALIZED_AUTOS = YES_AGGRESSIVE;
				GCC_WARN_UNUSED_FUNCTION = YES;
				GCC_WARN_UNUSED_VARIABLE = YES;
				IPHONEOS_DEPLOYMENT_TARGET = 17.0;
				LOCALIZATION_PREFERS_STRING_CATALOGS = YES;
				MTL_ENABLE_DEBUG_INFO = NO;
				MTL_FAST_MATH = YES;
				SDKROOT = iphoneos;
				SWIFT_COMPILATION_MODE = wholemodule;
				VALIDATE_PRODUCT = YES;
			};
			name = Release;
		};
		63E836CA2AF01FCE008EF2E2 /* Debug */ = {
			isa = XCBuildConfiguration;
			buildSettings = {
				ASSETCATALOG_COMPILER_APPICON_NAME = AppIcon;
				ASSETCATALOG_COMPILER_GLOBAL_ACCENT_COLOR_NAME = AccentColor;
				CLANG_ENABLE_MODULES = YES;
				CODE_SIGN_ENTITLEMENTS = llamaIOSExample/LlamaIOSExample.entitlements;
				CODE_SIGN_STYLE = Automatic;
				CURRENT_PROJECT_VERSION = 1;
				DEVELOPMENT_TEAM = F5A9R6LVGQ;
				FRAMEWORK_SEARCH_PATHS = ../;
				GENERATE_INFOPLIST_FILE = YES;
				HEADER_SEARCH_PATHS = "../llama.cppSrc/**";
				INFOPLIST_FILE = llamaIOSExample/Info.plist;
				INFOPLIST_KEY_UIApplicationSupportsIndirectInputEvents = YES;
				INFOPLIST_KEY_UILaunchStoryboardName = LaunchScreen;
				INFOPLIST_KEY_UIMainStoryboardFile = Main;
				INFOPLIST_KEY_UISupportedInterfaceOrientations_iPad = "UIInterfaceOrientationPortrait UIInterfaceOrientationPortraitUpsideDown UIInterfaceOrientationLandscapeLeft UIInterfaceOrientationLandscapeRight";
				INFOPLIST_KEY_UISupportedInterfaceOrientations_iPhone = "UIInterfaceOrientationPortrait UIInterfaceOrientationLandscapeLeft UIInterfaceOrientationLandscapeRight";
				IPHONEOS_DEPLOYMENT_TARGET = 16.0;
				LD_RUNPATH_SEARCH_PATHS = (
					"$(inherited)",
					"@executable_path/Frameworks",
				);
				MARKETING_VERSION = 1.0;
				PRODUCT_BUNDLE_IDENTIFIER = "com.creataai.iOS-Llama-Example";
				PRODUCT_NAME = "$(TARGET_NAME)";
				SWIFT_EMIT_LOC_STRINGS = YES;
				SWIFT_OBJC_BRIDGING_HEADER = "LlamaInterface/Llama-Example-Bridging-Header.h";
				SWIFT_OPTIMIZATION_LEVEL = "-Onone";
				SWIFT_VERSION = 5.0;
				TARGETED_DEVICE_FAMILY = "1,2";
			};
			name = Debug;
		};
		63E836CB2AF01FCE008EF2E2 /* Release */ = {
			isa = XCBuildConfiguration;
			buildSettings = {
				ASSETCATALOG_COMPILER_APPICON_NAME = AppIcon;
				ASSETCATALOG_COMPILER_GLOBAL_ACCENT_COLOR_NAME = AccentColor;
				CLANG_ENABLE_MODULES = YES;
				CODE_SIGN_ENTITLEMENTS = llamaIOSExample/LlamaIOSExample.entitlements;
				CODE_SIGN_STYLE = Automatic;
				CURRENT_PROJECT_VERSION = 1;
				DEVELOPMENT_TEAM = F5A9R6LVGQ;
				FRAMEWORK_SEARCH_PATHS = ../;
				GENERATE_INFOPLIST_FILE = YES;
				HEADER_SEARCH_PATHS = "../llama.cppSrc/**";
				INFOPLIST_FILE = llamaIOSExample/Info.plist;
				INFOPLIST_KEY_UIApplicationSupportsIndirectInputEvents = YES;
				INFOPLIST_KEY_UILaunchStoryboardName = LaunchScreen;
				INFOPLIST_KEY_UIMainStoryboardFile = Main;
				INFOPLIST_KEY_UISupportedInterfaceOrientations_iPad = "UIInterfaceOrientationPortrait UIInterfaceOrientationPortraitUpsideDown UIInterfaceOrientationLandscapeLeft UIInterfaceOrientationLandscapeRight";
				INFOPLIST_KEY_UISupportedInterfaceOrientations_iPhone = "UIInterfaceOrientationPortrait UIInterfaceOrientationLandscapeLeft UIInterfaceOrientationLandscapeRight";
				IPHONEOS_DEPLOYMENT_TARGET = 16.0;
				LD_RUNPATH_SEARCH_PATHS = (
					"$(inherited)",
					"@executable_path/Frameworks",
				);
				MARKETING_VERSION = 1.0;
				PRODUCT_BUNDLE_IDENTIFIER = "com.creataai.iOS-Llama-Example";
				PRODUCT_NAME = "$(TARGET_NAME)";
				SWIFT_EMIT_LOC_STRINGS = YES;
				SWIFT_OBJC_BRIDGING_HEADER = "LlamaInterface/Llama-Example-Bridging-Header.h";
				SWIFT_VERSION = 5.0;
				TARGETED_DEVICE_FAMILY = "1,2";
			};
			name = Release;
		};
/* End XCBuildConfiguration section */

/* Begin XCConfigurationList section */
		636387F12AF5634100157A01 /* Build configuration list for PBXNativeTarget "llamaMacExample" */ = {
			isa = XCConfigurationList;
			buildConfigurations = (
				636387EF2AF5634100157A01 /* Debug */,
				636387F02AF5634100157A01 /* Release */,
			);
			defaultConfigurationIsVisible = 0;
			defaultConfigurationName = Release;
		};
		63E836B02AF01FCD008EF2E2 /* Build configuration list for PBXProject "LlamaExampleApp" */ = {
			isa = XCConfigurationList;
			buildConfigurations = (
				63E836C72AF01FCE008EF2E2 /* Debug */,
				63E836C82AF01FCE008EF2E2 /* Release */,
			);
			defaultConfigurationIsVisible = 0;
			defaultConfigurationName = Release;
		};
		63E836C92AF01FCE008EF2E2 /* Build configuration list for PBXNativeTarget "llamaIOSExample" */ = {
			isa = XCConfigurationList;
			buildConfigurations = (
				63E836CA2AF01FCE008EF2E2 /* Debug */,
				63E836CB2AF01FCE008EF2E2 /* Release */,
			);
			defaultConfigurationIsVisible = 0;
			defaultConfigurationName = Release;
		};
/* End XCConfigurationList section */
	};
	rootObject = 63E836AD2AF01FCD008EF2E2 /* Project object */;
}
